
Microsoft Visual Studio Solution File, Format Version 12.00
# Visual Studio 15
VisualStudioVersion = 15.0.28010.2046
MinimumVisualStudioVersion = 10.0.40219.1
Project("{9A19103F-16F7-4668-BE54-9A1E7A4F7556}") = "PizzAPIe", "PizzAPIe.csproj", "{7A9BF656-4E63-47B1-8F06-A7C85C8EDD3A}"
EndProject
Global
	GlobalSection(SolutionConfigurationPlatforms) = preSolution
		Debug|Any CPU = Debug|Any CPU
		Release|Any CPU = Release|Any CPU
	EndGlobalSection
	GlobalSection(ProjectConfigurationPlatforms) = postSolution
		{7A9BF656-4E63-47B1-8F06-A7C85C8EDD3A}.Debug|Any CPU.ActiveCfg = Debug|Any CPU
		{7A9BF656-4E63-47B1-8F06-A7C85C8EDD3A}.Debug|Any CPU.Build.0 = Debug|Any CPU
		{7A9BF656-4E63-47B1-8F06-A7C85C8EDD3A}.Release|Any CPU.ActiveCfg = Release|Any CPU
		{7A9BF656-4E63-47B1-8F06-A7C85C8EDD3A}.Release|Any CPU.Build.0 = Release|Any CPU
	EndGlobalSection
	GlobalSection(SolutionProperties) = preSolution
		HideSolutionNode = FALSE
	EndGlobalSection
	GlobalSection(ExtensibilityGlobals) = postSolution
		SolutionGuid = {1F0824F3-DCE5-478F-A64C-D4A89EFD10D8}
	EndGlobalSection
EndGlobal
